
Microsoft Visual Studio Solution File, Format Version 12.00
# Visual Studio Version 17
VisualStudioVersion = 17.9.34622.214
MinimumVisualStudioVersion = 10.0.40219.1
Project("{2150E333-8FDC-42A3-9474-1A3956D46DE8}") = "Foundations", "Foundations", "{0F78300C-A3ED-4741-A90C-3B15DDE88723}"
EndProject
Project("{2150E333-8FDC-42A3-9474-1A3956D46DE8}") = "Features", "Features", "{A3D2B537-0213-45E5-906B-A3774496BB79}"
EndProject
Project("{2150E333-8FDC-42A3-9474-1A3956D46DE8}") = "Projects", "Projects", "{B496DBA9-8619-43C1-ABDC-FF438A25F1FD}"
EndProject
Project("{2150E333-8FDC-42A3-9474-1A3956D46DE8}") = "Modules", "Modules", "{3E62F64C-ED53-467C-9F39-2F355E9D3887}"
EndProject
Project("{9A19103F-16F7-4668-BE54-9A1E7A4F7556}") = "Accelerate.Projects.App", "Projects\Accelerate.Projects.App\Accelerate.Projects.App.csproj", "{DE32AB76-95D8-4DB2-883C-425FB52ACA70}"
EndProject
Project("{2150E333-8FDC-42A3-9474-1A3956D46DE8}") = "Database", "Database", "{6D9A1E11-FB76-4CAC-AE23-ED76F98A4846}"
EndProject
Project("{FAE04EC0-301F-11D3-BF4B-00C04F79EFBC}") = "Accelerate.Foundations.Database", "Foundations\Accelerate.Foundations.Database\Accelerate.Foundations.Database.csproj", "{776A9EA7-E7F8-4848-8239-8175C1BED22C}"
EndProject
Project("{2150E333-8FDC-42A3-9474-1A3956D46DE8}") = "Solution Items", "Solution Items", "{63C4B2C9-2110-4BDB-AA63-36ECF7AA08C6}"
	ProjectSection(SolutionItems) = preProject
		readme.md = readme.md
	EndProjectSection
EndProject
Global
	GlobalSection(SolutionConfigurationPlatforms) = preSolution
		Debug|Any CPU = Debug|Any CPU
		Release|Any CPU = Release|Any CPU
	EndGlobalSection
	GlobalSection(ProjectConfigurationPlatforms) = postSolution
		{DE32AB76-95D8-4DB2-883C-425FB52ACA70}.Debug|Any CPU.ActiveCfg = Debug|Any CPU
		{DE32AB76-95D8-4DB2-883C-425FB52ACA70}.Debug|Any CPU.Build.0 = Debug|Any CPU
		{DE32AB76-95D8-4DB2-883C-425FB52ACA70}.Release|Any CPU.ActiveCfg = Release|Any CPU
		{DE32AB76-95D8-4DB2-883C-425FB52ACA70}.Release|Any CPU.Build.0 = Release|Any CPU
		{776A9EA7-E7F8-4848-8239-8175C1BED22C}.Debug|Any CPU.ActiveCfg = Debug|Any CPU
		{776A9EA7-E7F8-4848-8239-8175C1BED22C}.Debug|Any CPU.Build.0 = Debug|Any CPU
		{776A9EA7-E7F8-4848-8239-8175C1BED22C}.Release|Any CPU.ActiveCfg = Release|Any CPU
		{776A9EA7-E7F8-4848-8239-8175C1BED22C}.Release|Any CPU.Build.0 = Release|Any CPU
	EndGlobalSection
	GlobalSection(SolutionProperties) = preSolution
		HideSolutionNode = FALSE
	EndGlobalSection
	GlobalSection(NestedProjects) = preSolution
		{DE32AB76-95D8-4DB2-883C-425FB52ACA70} = {B496DBA9-8619-43C1-ABDC-FF438A25F1FD}
		{6D9A1E11-FB76-4CAC-AE23-ED76F98A4846} = {0F78300C-A3ED-4741-A90C-3B15DDE88723}
		{776A9EA7-E7F8-4848-8239-8175C1BED22C} = {6D9A1E11-FB76-4CAC-AE23-ED76F98A4846}
	EndGlobalSection
	GlobalSection(ExtensibilityGlobals) = postSolution
		SolutionGuid = {3584F311-FD8B-4D8A-9984-BE84EB37D3EE}
	EndGlobalSection
EndGlobal
